# generated by rye
# use `rye lock` or `rye sync` to update this lockfile
#
# last locked with the following flags:
#   pre: false
#   features: []
#   all-features: false
#   with-sources: true
#   generate-hashes: false
#   universal: false

--index-url https://pypi.org/simple/

-e file:.
click==8.1.7
    # via zwtil-generate-pdf-resume
colorama==0.4.6
    # via click
pyyaml==6.0.2
    # via zwtil-generate-pdf-resume
toml==0.10.2
    # via zwtil-generate-pdf-resume
zuu @ git+https://github.com/zwtil/zuu2.git@a6a1e555d30aca52e0adbb67b0ffa4f14130d121#subdirectory=PYTHON_PKG/std
    # via zwtil-generate-pdf-resume
zuu-doc @ git+https://github.com/zwtil/zuu2.git@a6a1e555d30aca52e0adbb67b0ffa4f14130d121#subdirectory=PYTHON_PKG/doc
    # via zwtil-generate-pdf-resume
