# generated by rye
# use `rye lock` or `rye sync` to update this lockfile
#
# last locked with the following flags:
#   pre: false
#   features: []
#   all-features: false
#   with-sources: false
#   generate-hashes: false
#   universal: false

-e file:.
click==8.1.7
    # via zwtil-generate-pdf-resume
colorama==0.4.6
    # via click
pyyaml==6.0.2
    # via zwtil-generate-pdf-resume
toml==0.10.2
    # via zwtil-generate-pdf-resume
zuu==3.0.3
    # via zuu-doc
zuu-doc @ git+https://github.com/zwtil/zuu_doc.git@3b96dcb8a495cc2c30eeb67aab8756a35d1efefc
    # via zwtil-generate-pdf-resume
